
Microsoft Visual Studio Solution File, Format Version 12.00
# Visual Studio Version 17
VisualStudioVersion = 17.0.31903.59
MinimumVisualStudioVersion = 10.0.40219.1
Project("{2150E333-8FDC-42A3-9474-1A3956D46DE8}") = "src", "src", "{827E0CD3-B72D-47B6-A68D-7590B98EB39B}"
EndProject
Project("{FAE04EC0-301F-11D3-BF4B-00C04F79EFBC}") = "CallistraAgent.Functions", "src\CallistraAgent.Functions\CallistraAgent.Functions.csproj", "{6A50AEA2-6A3F-4684-A3C9-C91D2D9E2CCE}"
EndProject
Project("{2150E333-8FDC-42A3-9474-1A3956D46DE8}") = "tests", "tests", "{0AB3BF05-4346-4AA6-1389-037BE0695223}"
EndProject
Project("{FAE04EC0-301F-11D3-BF4B-00C04F79EFBC}") = "CallistraAgent.Functions.Tests", "tests\CallistraAgent.Functions.Tests\CallistraAgent.Functions.Tests.csproj", "{9D91F74C-11A2-4D8E-90BE-08AAF75121B4}"
EndProject
Project("{00D1A9C2-B5F0-4AF3-8072-F6C62B433612}") = "CallistraAgent", "CallistraAgent\CallistraAgent.sqlproj", "{38BF8509-227A-45C8-A73B-9A942439B841}"
EndProject
Global
	GlobalSection(SolutionConfigurationPlatforms) = preSolution
		Debug|Any CPU = Debug|Any CPU
		Debug|x64 = Debug|x64
		Debug|x86 = Debug|x86
		Release|Any CPU = Release|Any CPU
		Release|x64 = Release|x64
		Release|x86 = Release|x86
	EndGlobalSection
	GlobalSection(ProjectConfigurationPlatforms) = postSolution
		{6A50AEA2-6A3F-4684-A3C9-C91D2D9E2CCE}.Debug|Any CPU.ActiveCfg = Debug|Any CPU
		{6A50AEA2-6A3F-4684-A3C9-C91D2D9E2CCE}.Debug|Any CPU.Build.0 = Debug|Any CPU
		{6A50AEA2-6A3F-4684-A3C9-C91D2D9E2CCE}.Debug|x64.ActiveCfg = Debug|Any CPU
		{6A50AEA2-6A3F-4684-A3C9-C91D2D9E2CCE}.Debug|x64.Build.0 = Debug|Any CPU
		{6A50AEA2-6A3F-4684-A3C9-C91D2D9E2CCE}.Debug|x86.ActiveCfg = Debug|Any CPU
		{6A50AEA2-6A3F-4684-A3C9-C91D2D9E2CCE}.Debug|x86.Build.0 = Debug|Any CPU
		{6A50AEA2-6A3F-4684-A3C9-C91D2D9E2CCE}.Release|Any CPU.ActiveCfg = Release|Any CPU
		{6A50AEA2-6A3F-4684-A3C9-C91D2D9E2CCE}.Release|Any CPU.Build.0 = Release|Any CPU
		{6A50AEA2-6A3F-4684-A3C9-C91D2D9E2CCE}.Release|x64.ActiveCfg = Release|Any CPU
		{6A50AEA2-6A3F-4684-A3C9-C91D2D9E2CCE}.Release|x64.Build.0 = Release|Any CPU
		{6A50AEA2-6A3F-4684-A3C9-C91D2D9E2CCE}.Release|x86.ActiveCfg = Release|Any CPU
		{6A50AEA2-6A3F-4684-A3C9-C91D2D9E2CCE}.Release|x86.Build.0 = Release|Any CPU
		{9D91F74C-11A2-4D8E-90BE-08AAF75121B4}.Debug|Any CPU.ActiveCfg = Debug|Any CPU
		{9D91F74C-11A2-4D8E-90BE-08AAF75121B4}.Debug|Any CPU.Build.0 = Debug|Any CPU
		{9D91F74C-11A2-4D8E-90BE-08AAF75121B4}.Debug|x64.ActiveCfg = Debug|Any CPU
		{9D91F74C-11A2-4D8E-90BE-08AAF75121B4}.Debug|x64.Build.0 = Debug|Any CPU
		{9D91F74C-11A2-4D8E-90BE-08AAF75121B4}.Debug|x86.ActiveCfg = Debug|Any CPU
		{9D91F74C-11A2-4D8E-90BE-08AAF75121B4}.Debug|x86.Build.0 = Debug|Any CPU
		{9D91F74C-11A2-4D8E-90BE-08AAF75121B4}.Release|Any CPU.ActiveCfg = Release|Any CPU
		{9D91F74C-11A2-4D8E-90BE-08AAF75121B4}.Release|Any CPU.Build.0 = Release|Any CPU
		{9D91F74C-11A2-4D8E-90BE-08AAF75121B4}.Release|x64.ActiveCfg = Release|Any CPU
		{9D91F74C-11A2-4D8E-90BE-08AAF75121B4}.Release|x64.Build.0 = Release|Any CPU
		{9D91F74C-11A2-4D8E-90BE-08AAF75121B4}.Release|x86.ActiveCfg = Release|Any CPU
		{9D91F74C-11A2-4D8E-90BE-08AAF75121B4}.Release|x86.Build.0 = Release|Any CPU
		{38BF8509-227A-45C8-A73B-9A942439B841}.Debug|Any CPU.ActiveCfg = Debug|Any CPU
		{38BF8509-227A-45C8-A73B-9A942439B841}.Debug|x64.ActiveCfg = Debug|Any CPU
		{38BF8509-227A-45C8-A73B-9A942439B841}.Debug|x86.ActiveCfg = Debug|Any CPU
		{38BF8509-227A-45C8-A73B-9A942439B841}.Release|Any CPU.ActiveCfg = Release|Any CPU
		{38BF8509-227A-45C8-A73B-9A942439B841}.Release|x64.ActiveCfg = Release|Any CPU
		{38BF8509-227A-45C8-A73B-9A942439B841}.Release|x86.ActiveCfg = Release|Any CPU
	EndGlobalSection
	GlobalSection(SolutionProperties) = preSolution
		HideSolutionNode = FALSE
	EndGlobalSection
	GlobalSection(NestedProjects) = preSolution
		{6A50AEA2-6A3F-4684-A3C9-C91D2D9E2CCE} = {827E0CD3-B72D-47B6-A68D-7590B98EB39B}
		{9D91F74C-11A2-4D8E-90BE-08AAF75121B4} = {0AB3BF05-4346-4AA6-1389-037BE0695223}
	EndGlobalSection
EndGlobal
